// !$*UTF8*$!
{
	archiveVersion = 1;
	classes = {
	};
	objectVersion = 50;
	objects = {

/* Begin PBXBuildFile section */
		F40FE4292442BC70009768A8 /* ExCollectionView.swift in Sources */ = {isa = PBXBuildFile; fileRef = F40FE4262442BC6F009768A8 /* ExCollectionView.swift */; };
		F40FE42A2442BC70009768A8 /* ExTableView.swift in Sources */ = {isa = PBXBuildFile; fileRef = F40FE4272442BC70009768A8 /* ExTableView.swift */; };
		F40FE42B2442BC70009768A8 /* ReusableView.swift in Sources */ = {isa = PBXBuildFile; fileRef = F40FE4282442BC70009768A8 /* ReusableView.swift */; };
		F40FE4302442BE00009768A8 /* CalendarViewController.swift in Sources */ = {isa = PBXBuildFile; fileRef = F40FE42F2442BE00009768A8 /* CalendarViewController.swift */; };
		F40FE4322442BE3A009768A8 /* NibLoadable.swift in Sources */ = {isa = PBXBuildFile; fileRef = F40FE4312442BE3A009768A8 /* NibLoadable.swift */; };
		F41239E1244569AA00BD8E89 /* ScheduleViewController.swift in Sources */ = {isa = PBXBuildFile; fileRef = F41239E0244569AA00BD8E89 /* ScheduleViewController.swift */; };
		F41239E3244569BA00BD8E89 /* ScheduleViewModel.swift in Sources */ = {isa = PBXBuildFile; fileRef = F41239E2244569BA00BD8E89 /* ScheduleViewModel.swift */; };
		F41239E72445736200BD8E89 /* WeekDayBarView.swift in Sources */ = {isa = PBXBuildFile; fileRef = F41239E62445736200BD8E89 /* WeekDayBarView.swift */; };
		F41239E9244573B100BD8E89 /* Connectable.swift in Sources */ = {isa = PBXBuildFile; fileRef = F41239E8244573B100BD8E89 /* Connectable.swift */; };
		F41239EB244574A000BD8E89 /* WeekDayBarView.xib in Resources */ = {isa = PBXBuildFile; fileRef = F41239EA244574A000BD8E89 /* WeekDayBarView.xib */; };
		F41239ED2445757100BD8E89 /* SimpleLabel.swift in Sources */ = {isa = PBXBuildFile; fileRef = F41239EC2445757100BD8E89 /* SimpleLabel.swift */; };
		F42D6A512448812A000CDB3B /* CalenderViewTheme.swift in Sources */ = {isa = PBXBuildFile; fileRef = F42D6A502448812A000CDB3B /* CalenderViewTheme.swift */; };
		F4374D1A2442C079005A2505 /* TableCell.swift in Sources */ = {isa = PBXBuildFile; fileRef = F4374D192442C079005A2505 /* TableCell.swift */; };
		F4374D1C2442C0C0005A2505 /* CollectionCell.swift in Sources */ = {isa = PBXBuildFile; fileRef = F4374D1B2442C0C0005A2505 /* CollectionCell.swift */; };
		F4374D212442C174005A2505 /* CalendarCell.swift in Sources */ = {isa = PBXBuildFile; fileRef = F4374D1F2442C174005A2505 /* CalendarCell.swift */; };
		F4374D222442C174005A2505 /* CalendarCell.xib in Resources */ = {isa = PBXBuildFile; fileRef = F4374D202442C174005A2505 /* CalendarCell.xib */; };
		F4374D252442C237005A2505 /* ViewModel.swift in Sources */ = {isa = PBXBuildFile; fileRef = F4374D242442C237005A2505 /* ViewModel.swift */; };
		F4374D272442C25A005A2505 /* MainViewModel.swift in Sources */ = {isa = PBXBuildFile; fileRef = F4374D262442C25A005A2505 /* MainViewModel.swift */; };
		F4374D292442C406005A2505 /* CalendarViewModel.swift in Sources */ = {isa = PBXBuildFile; fileRef = F4374D282442C406005A2505 /* CalendarViewModel.swift */; };
		F4374D2C2442C482005A2505 /* protocol.swift in Sources */ = {isa = PBXBuildFile; fileRef = F4374D2B2442C482005A2505 /* protocol.swift */; };
		F4374D2E2442C4D6005A2505 /* ViewModelContract.swift in Sources */ = {isa = PBXBuildFile; fileRef = F4374D2D2442C4D6005A2505 /* ViewModelContract.swift */; };
		F4374D302442C651005A2505 /* Mapper.swift in Sources */ = {isa = PBXBuildFile; fileRef = F4374D2F2442C651005A2505 /* Mapper.swift */; };
		F4374D332442C6B2005A2505 /* DateEntity.swift in Sources */ = {isa = PBXBuildFile; fileRef = F4374D322442C6B2005A2505 /* DateEntity.swift */; };
		F4374D372442CE95005A2505 /* ViewModelOutPut.swift in Sources */ = {isa = PBXBuildFile; fileRef = F4374D362442CE95005A2505 /* ViewModelOutPut.swift */; };
		F4374D382442D6F1005A2505 /* ExDate.swift in Sources */ = {isa = PBXBuildFile; fileRef = F4374D342442CB27005A2505 /* ExDate.swift */; };
		F4374D3B2442D7B6005A2505 /* CalendarHeaderCell.swift in Sources */ = {isa = PBXBuildFile; fileRef = F4374D392442D7B6005A2505 /* CalendarHeaderCell.swift */; };
		F4374D3C2442D7B6005A2505 /* CalendarHeaderCell.xib in Resources */ = {isa = PBXBuildFile; fileRef = F4374D3A2442D7B6005A2505 /* CalendarHeaderCell.xib */; };
		F4374D3E2442D835005A2505 /* WeekDayEntity.swift in Sources */ = {isa = PBXBuildFile; fileRef = F4374D3D2442D835005A2505 /* WeekDayEntity.swift */; };
		F4374D412444214C005A2505 /* GroupCalendarViewController.swift in Sources */ = {isa = PBXBuildFile; fileRef = F4374D402444214C005A2505 /* GroupCalendarViewController.swift */; };
		F4374D43244421C3005A2505 /* GroupCalendarViewModel.swift in Sources */ = {isa = PBXBuildFile; fileRef = F4374D42244421C3005A2505 /* GroupCalendarViewModel.swift */; };
		F4374D4524443724005A2505 /* CalendarViewProtocols.swift in Sources */ = {isa = PBXBuildFile; fileRef = F4374D4424443724005A2505 /* CalendarViewProtocols.swift */; };
		F44F1BEA244713FA00778F66 /* CustomView.swift in Sources */ = {isa = PBXBuildFile; fileRef = F44F1BE9244713FA00778F66 /* CustomView.swift */; };
		F44F1BEE2447144B00778F66 /* Dashable.swift in Sources */ = {isa = PBXBuildFile; fileRef = F44F1BED2447144700778F66 /* Dashable.swift */; };
		F44F1BEF2447144B00778F66 /* Shadowable.swift in Sources */ = {isa = PBXBuildFile; fileRef = F44F1BEC2447144700778F66 /* Shadowable.swift */; };
		F44F1BF324472C0900778F66 /* GroupCalendarDelegate.swift in Sources */ = {isa = PBXBuildFile; fileRef = F44F1BF224472C0900778F66 /* GroupCalendarDelegate.swift */; };
		F44F1BF624472DE400778F66 /* HomeViewController.swift in Sources */ = {isa = PBXBuildFile; fileRef = F44F1BF524472DE400778F66 /* HomeViewController.swift */; };
		F44F1BF824484FF900778F66 /* ScheduleWeekCell.swift in Sources */ = {isa = PBXBuildFile; fileRef = F44F1BF724484FF900778F66 /* ScheduleWeekCell.swift */; };
		F44F1BFA244858BF00778F66 /* ScheduleCollectionDataSource.swift in Sources */ = {isa = PBXBuildFile; fileRef = F44F1BF9244858BF00778F66 /* ScheduleCollectionDataSource.swift */; };
		F494700D244169F900FA2084 /* AppDelegate.swift in Sources */ = {isa = PBXBuildFile; fileRef = F494700C244169F900FA2084 /* AppDelegate.swift */; };
		F494700F244169F900FA2084 /* SceneDelegate.swift in Sources */ = {isa = PBXBuildFile; fileRef = F494700E244169F900FA2084 /* SceneDelegate.swift */; };
		F4947011244169F900FA2084 /* ViewController.swift in Sources */ = {isa = PBXBuildFile; fileRef = F4947010244169F900FA2084 /* ViewController.swift */; };
		F4947014244169FA00FA2084 /* Main.storyboard in Resources */ = {isa = PBXBuildFile; fileRef = F4947012244169FA00FA2084 /* Main.storyboard */; };
		F4947016244169FC00FA2084 /* Assets.xcassets in Resources */ = {isa = PBXBuildFile; fileRef = F4947015244169FC00FA2084 /* Assets.xcassets */; };
		F4947019244169FC00FA2084 /* LaunchScreen.storyboard in Resources */ = {isa = PBXBuildFile; fileRef = F4947017244169FC00FA2084 /* LaunchScreen.storyboard */; };
		F4947024244169FC00FA2084 /* DatePickerModuleTests.swift in Sources */ = {isa = PBXBuildFile; fileRef = F4947023244169FC00FA2084 /* DatePickerModuleTests.swift */; };
		F494703024416A5100FA2084 /* AADateProtocol.swift in Sources */ = {isa = PBXBuildFile; fileRef = F494702F24416A5100FA2084 /* AADateProtocol.swift */; };
		F494703224417F6700FA2084 /* AADateImp.swift in Sources */ = {isa = PBXBuildFile; fileRef = F494703124417F6700FA2084 /* AADateImp.swift */; };
		F499366224457E4E00E3C64C /* ScheduleWeekDayCell.swift in Sources */ = {isa = PBXBuildFile; fileRef = F499366024457E4E00E3C64C /* ScheduleWeekDayCell.swift */; };
		F499366324457E4E00E3C64C /* ScheduleWeekDayCell.xib in Resources */ = {isa = PBXBuildFile; fileRef = F499366124457E4E00E3C64C /* ScheduleWeekDayCell.xib */; };
		F499366524458AF400E3C64C /* DailyHourModel.swift in Sources */ = {isa = PBXBuildFile; fileRef = F499366424458AF400E3C64C /* DailyHourModel.swift */; };
		F499366824458C5900E3C64C /* ScheduleDailyHourCell.swift in Sources */ = {isa = PBXBuildFile; fileRef = F499366624458C5900E3C64C /* ScheduleDailyHourCell.swift */; };
		F499366924458C5900E3C64C /* ScheduleDailyHourCell.xib in Resources */ = {isa = PBXBuildFile; fileRef = F499366724458C5900E3C64C /* ScheduleDailyHourCell.xib */; };
		F499366C2445924600E3C64C /* ScheduleHourCell.swift in Sources */ = {isa = PBXBuildFile; fileRef = F499366A2445924600E3C64C /* ScheduleHourCell.swift */; };
		F499366D2445924600E3C64C /* ScheduleHourCell.xib in Resources */ = {isa = PBXBuildFile; fileRef = F499366B2445924600E3C64C /* ScheduleHourCell.xib */; };
/* End PBXBuildFile section */

/* Begin PBXContainerItemProxy section */
		F4947020244169FC00FA2084 /* PBXContainerItemProxy */ = {
			isa = PBXContainerItemProxy;
			containerPortal = F4947001244169F900FA2084 /* Project object */;
			proxyType = 1;
			remoteGlobalIDString = F4947008244169F900FA2084;
			remoteInfo = DatePickerModule;
		};
/* End PBXContainerItemProxy section */

/* Begin PBXFileReference section */
		F40FE4262442BC6F009768A8 /* ExCollectionView.swift */ = {isa = PBXFileReference; fileEncoding = 4; lastKnownFileType = sourcecode.swift; path = ExCollectionView.swift; sourceTree = "<group>"; };
		F40FE4272442BC70009768A8 /* ExTableView.swift */ = {isa = PBXFileReference; fileEncoding = 4; lastKnownFileType = sourcecode.swift; path = ExTableView.swift; sourceTree = "<group>"; };
		F40FE4282442BC70009768A8 /* ReusableView.swift */ = {isa = PBXFileReference; fileEncoding = 4; lastKnownFileType = sourcecode.swift; path = ReusableView.swift; sourceTree = "<group>"; };
		F40FE42F2442BE00009768A8 /* CalendarViewController.swift */ = {isa = PBXFileReference; lastKnownFileType = sourcecode.swift; path = CalendarViewController.swift; sourceTree = "<group>"; };
		F40FE4312442BE3A009768A8 /* NibLoadable.swift */ = {isa = PBXFileReference; lastKnownFileType = sourcecode.swift; path = NibLoadable.swift; sourceTree = "<group>"; };
		F41239E0244569AA00BD8E89 /* ScheduleViewController.swift */ = {isa = PBXFileReference; lastKnownFileType = sourcecode.swift; path = ScheduleViewController.swift; sourceTree = "<group>"; };
		F41239E2244569BA00BD8E89 /* ScheduleViewModel.swift */ = {isa = PBXFileReference; lastKnownFileType = sourcecode.swift; path = ScheduleViewModel.swift; sourceTree = "<group>"; };
		F41239E62445736200BD8E89 /* WeekDayBarView.swift */ = {isa = PBXFileReference; lastKnownFileType = sourcecode.swift; path = WeekDayBarView.swift; sourceTree = "<group>"; };
		F41239E8244573B100BD8E89 /* Connectable.swift */ = {isa = PBXFileReference; lastKnownFileType = sourcecode.swift; path = Connectable.swift; sourceTree = "<group>"; };
		F41239EA244574A000BD8E89 /* WeekDayBarView.xib */ = {isa = PBXFileReference; lastKnownFileType = file.xib; path = WeekDayBarView.xib; sourceTree = "<group>"; };
		F41239EC2445757100BD8E89 /* SimpleLabel.swift */ = {isa = PBXFileReference; lastKnownFileType = sourcecode.swift; path = SimpleLabel.swift; sourceTree = "<group>"; };
		F42D6A502448812A000CDB3B /* CalenderViewTheme.swift */ = {isa = PBXFileReference; lastKnownFileType = sourcecode.swift; path = CalenderViewTheme.swift; sourceTree = "<group>"; };
		F4374D192442C079005A2505 /* TableCell.swift */ = {isa = PBXFileReference; lastKnownFileType = sourcecode.swift; path = TableCell.swift; sourceTree = "<group>"; };
		F4374D1B2442C0C0005A2505 /* CollectionCell.swift */ = {isa = PBXFileReference; lastKnownFileType = sourcecode.swift; path = CollectionCell.swift; sourceTree = "<group>"; };
		F4374D1F2442C174005A2505 /* CalendarCell.swift */ = {isa = PBXFileReference; lastKnownFileType = sourcecode.swift; path = CalendarCell.swift; sourceTree = "<group>"; };
		F4374D202442C174005A2505 /* CalendarCell.xib */ = {isa = PBXFileReference; lastKnownFileType = file.xib; path = CalendarCell.xib; sourceTree = "<group>"; };
		F4374D242442C237005A2505 /* ViewModel.swift */ = {isa = PBXFileReference; lastKnownFileType = sourcecode.swift; name = ViewModel.swift; path = DatePickerModule/view/tableView/ViewModel.swift; sourceTree = SOURCE_ROOT; };
		F4374D262442C25A005A2505 /* MainViewModel.swift */ = {isa = PBXFileReference; lastKnownFileType = sourcecode.swift; path = MainViewModel.swift; sourceTree = "<group>"; };
		F4374D282442C406005A2505 /* CalendarViewModel.swift */ = {isa = PBXFileReference; lastKnownFileType = sourcecode.swift; path = CalendarViewModel.swift; sourceTree = "<group>"; };
		F4374D2B2442C482005A2505 /* protocol.swift */ = {isa = PBXFileReference; lastKnownFileType = sourcecode.swift; path = protocol.swift; sourceTree = "<group>"; };
		F4374D2D2442C4D6005A2505 /* ViewModelContract.swift */ = {isa = PBXFileReference; lastKnownFileType = sourcecode.swift; path = ViewModelContract.swift; sourceTree = "<group>"; };
		F4374D2F2442C651005A2505 /* Mapper.swift */ = {isa = PBXFileReference; lastKnownFileType = sourcecode.swift; path = Mapper.swift; sourceTree = "<group>"; };
		F4374D322442C6B2005A2505 /* DateEntity.swift */ = {isa = PBXFileReference; lastKnownFileType = sourcecode.swift; path = DateEntity.swift; sourceTree = "<group>"; };
		F4374D342442CB27005A2505 /* ExDate.swift */ = {isa = PBXFileReference; lastKnownFileType = sourcecode.swift; path = ExDate.swift; sourceTree = "<group>"; };
		F4374D362442CE95005A2505 /* ViewModelOutPut.swift */ = {isa = PBXFileReference; lastKnownFileType = sourcecode.swift; path = ViewModelOutPut.swift; sourceTree = "<group>"; };
		F4374D392442D7B6005A2505 /* CalendarHeaderCell.swift */ = {isa = PBXFileReference; lastKnownFileType = sourcecode.swift; path = CalendarHeaderCell.swift; sourceTree = "<group>"; };
		F4374D3A2442D7B6005A2505 /* CalendarHeaderCell.xib */ = {isa = PBXFileReference; lastKnownFileType = file.xib; path = CalendarHeaderCell.xib; sourceTree = "<group>"; };
		F4374D3D2442D835005A2505 /* WeekDayEntity.swift */ = {isa = PBXFileReference; lastKnownFileType = sourcecode.swift; path = WeekDayEntity.swift; sourceTree = "<group>"; };
		F4374D402444214C005A2505 /* GroupCalendarViewController.swift */ = {isa = PBXFileReference; lastKnownFileType = sourcecode.swift; path = GroupCalendarViewController.swift; sourceTree = "<group>"; };
		F4374D42244421C3005A2505 /* GroupCalendarViewModel.swift */ = {isa = PBXFileReference; lastKnownFileType = sourcecode.swift; path = GroupCalendarViewModel.swift; sourceTree = "<group>"; };
		F4374D4424443724005A2505 /* CalendarViewProtocols.swift */ = {isa = PBXFileReference; lastKnownFileType = sourcecode.swift; path = CalendarViewProtocols.swift; sourceTree = "<group>"; };
		F44F1BE9244713FA00778F66 /* CustomView.swift */ = {isa = PBXFileReference; lastKnownFileType = sourcecode.swift; path = CustomView.swift; sourceTree = "<group>"; };
		F44F1BEC2447144700778F66 /* Shadowable.swift */ = {isa = PBXFileReference; lastKnownFileType = sourcecode.swift; path = Shadowable.swift; sourceTree = "<group>"; };
		F44F1BED2447144700778F66 /* Dashable.swift */ = {isa = PBXFileReference; lastKnownFileType = sourcecode.swift; path = Dashable.swift; sourceTree = "<group>"; };
		F44F1BF224472C0900778F66 /* GroupCalendarDelegate.swift */ = {isa = PBXFileReference; lastKnownFileType = sourcecode.swift; path = GroupCalendarDelegate.swift; sourceTree = "<group>"; };
		F44F1BF524472DE400778F66 /* HomeViewController.swift */ = {isa = PBXFileReference; lastKnownFileType = sourcecode.swift; path = HomeViewController.swift; sourceTree = "<group>"; };
		F44F1BF724484FF900778F66 /* ScheduleWeekCell.swift */ = {isa = PBXFileReference; lastKnownFileType = sourcecode.swift; path = ScheduleWeekCell.swift; sourceTree = "<group>"; };
		F44F1BF9244858BF00778F66 /* ScheduleCollectionDataSource.swift */ = {isa = PBXFileReference; lastKnownFileType = sourcecode.swift; path = ScheduleCollectionDataSource.swift; sourceTree = "<group>"; };
		F4947009244169F900FA2084 /* DatePickerModule.app */ = {isa = PBXFileReference; explicitFileType = wrapper.application; includeInIndex = 0; path = DatePickerModule.app; sourceTree = BUILT_PRODUCTS_DIR; };
		F494700C244169F900FA2084 /* AppDelegate.swift */ = {isa = PBXFileReference; lastKnownFileType = sourcecode.swift; path = AppDelegate.swift; sourceTree = "<group>"; };
		F494700E244169F900FA2084 /* SceneDelegate.swift */ = {isa = PBXFileReference; lastKnownFileType = sourcecode.swift; path = SceneDelegate.swift; sourceTree = "<group>"; };
		F4947010244169F900FA2084 /* ViewController.swift */ = {isa = PBXFileReference; lastKnownFileType = sourcecode.swift; path = ViewController.swift; sourceTree = "<group>"; };
		F4947013244169FA00FA2084 /* Base */ = {isa = PBXFileReference; lastKnownFileType = file.storyboard; name = Base; path = Base.lproj/Main.storyboard; sourceTree = "<group>"; };
		F4947015244169FC00FA2084 /* Assets.xcassets */ = {isa = PBXFileReference; lastKnownFileType = folder.assetcatalog; path = Assets.xcassets; sourceTree = "<group>"; };
		F4947018244169FC00FA2084 /* Base */ = {isa = PBXFileReference; lastKnownFileType = file.storyboard; name = Base; path = Base.lproj/LaunchScreen.storyboard; sourceTree = "<group>"; };
		F494701A244169FC00FA2084 /* Info.plist */ = {isa = PBXFileReference; lastKnownFileType = text.plist.xml; path = Info.plist; sourceTree = "<group>"; };
		F494701F244169FC00FA2084 /* DatePickerModuleTests.xctest */ = {isa = PBXFileReference; explicitFileType = wrapper.cfbundle; includeInIndex = 0; path = DatePickerModuleTests.xctest; sourceTree = BUILT_PRODUCTS_DIR; };
		F4947023244169FC00FA2084 /* DatePickerModuleTests.swift */ = {isa = PBXFileReference; lastKnownFileType = sourcecode.swift; path = DatePickerModuleTests.swift; sourceTree = "<group>"; };
		F4947025244169FC00FA2084 /* Info.plist */ = {isa = PBXFileReference; lastKnownFileType = text.plist.xml; path = Info.plist; sourceTree = "<group>"; };
		F494702F24416A5100FA2084 /* AADateProtocol.swift */ = {isa = PBXFileReference; lastKnownFileType = sourcecode.swift; path = AADateProtocol.swift; sourceTree = "<group>"; };
		F494703124417F6700FA2084 /* AADateImp.swift */ = {isa = PBXFileReference; lastKnownFileType = sourcecode.swift; path = AADateImp.swift; sourceTree = "<group>"; };
		F499366024457E4E00E3C64C /* ScheduleWeekDayCell.swift */ = {isa = PBXFileReference; lastKnownFileType = sourcecode.swift; path = ScheduleWeekDayCell.swift; sourceTree = "<group>"; };
		F499366124457E4E00E3C64C /* ScheduleWeekDayCell.xib */ = {isa = PBXFileReference; lastKnownFileType = file.xib; path = ScheduleWeekDayCell.xib; sourceTree = "<group>"; };
		F499366424458AF400E3C64C /* DailyHourModel.swift */ = {isa = PBXFileReference; lastKnownFileType = sourcecode.swift; path = DailyHourModel.swift; sourceTree = "<group>"; };
		F499366624458C5900E3C64C /* ScheduleDailyHourCell.swift */ = {isa = PBXFileReference; lastKnownFileType = sourcecode.swift; path = ScheduleDailyHourCell.swift; sourceTree = "<group>"; };
		F499366724458C5900E3C64C /* ScheduleDailyHourCell.xib */ = {isa = PBXFileReference; lastKnownFileType = file.xib; path = ScheduleDailyHourCell.xib; sourceTree = "<group>"; };
		F499366A2445924600E3C64C /* ScheduleHourCell.swift */ = {isa = PBXFileReference; lastKnownFileType = sourcecode.swift; path = ScheduleHourCell.swift; sourceTree = "<group>"; };
		F499366B2445924600E3C64C /* ScheduleHourCell.xib */ = {isa = PBXFileReference; lastKnownFileType = file.xib; path = ScheduleHourCell.xib; sourceTree = "<group>"; };
/* End PBXFileReference section */

/* Begin PBXFrameworksBuildPhase section */
		F4947006244169F900FA2084 /* Frameworks */ = {
			isa = PBXFrameworksBuildPhase;
			buildActionMask = 2147483647;
			files = (
			);
			runOnlyForDeploymentPostprocessing = 0;
		};
		F494701C244169FC00FA2084 /* Frameworks */ = {
			isa = PBXFrameworksBuildPhase;
			buildActionMask = 2147483647;
			files = (
			);
			runOnlyForDeploymentPostprocessing = 0;
		};
/* End PBXFrameworksBuildPhase section */

/* Begin PBXGroup section */
		F40FE42C2442BC72009768A8 /* utility */ = {
			isa = PBXGroup;
			children = (
				F4374D352442CB2B005A2505 /* extension */,
				F40FE42D2442BC82009768A8 /* protocol */,
			);
			path = utility;
			sourceTree = "<group>";
		};
		F40FE42D2442BC82009768A8 /* protocol */ = {
			isa = PBXGroup;
			children = (
				F44F1BED2447144700778F66 /* Dashable.swift */,
				F44F1BEC2447144700778F66 /* Shadowable.swift */,
				F40FE4262442BC6F009768A8 /* ExCollectionView.swift */,
				F40FE4282442BC70009768A8 /* ReusableView.swift */,
				F40FE4312442BE3A009768A8 /* NibLoadable.swift */,
				F40FE4272442BC70009768A8 /* ExTableView.swift */,
				F41239E8244573B100BD8E89 /* Connectable.swift */,
			);
			path = protocol;
			sourceTree = "<group>";
		};
		F40FE42E2442BDDB009768A8 /* scene */ = {
			isa = PBXGroup;
			children = (
				F44F1BF424472DC900778F66 /* home */,
				F41239DF2445695200BD8E89 /* scheduler */,
				F41239DE2445693000BD8E89 /* calendarView */,
				F4947012244169FA00FA2084 /* Main.storyboard */,
				F4947010244169F900FA2084 /* ViewController.swift */,
			);
			path = scene;
			sourceTree = "<group>";
		};
		F40FE4332442BF3B009768A8 /* calendar */ = {
			isa = PBXGroup;
			children = (
				F4374D1E2442C105005A2505 /* cell */,
				F40FE42F2442BE00009768A8 /* CalendarViewController.swift */,
				F4374D282442C406005A2505 /* CalendarViewModel.swift */,
				F4374D4424443724005A2505 /* CalendarViewProtocols.swift */,
				F42D6A502448812A000CDB3B /* CalenderViewTheme.swift */,
			);
			path = calendar;
			sourceTree = "<group>";
		};
		F41239DE2445693000BD8E89 /* calendarView */ = {
			isa = PBXGroup;
			children = (
				F4374D3F24442122005A2505 /* group-calendar */,
				F40FE4332442BF3B009768A8 /* calendar */,
			);
			path = calendarView;
			sourceTree = "<group>";
		};
		F41239DF2445695200BD8E89 /* scheduler */ = {
			isa = PBXGroup;
			children = (
				F499365B24457D3200E3C64C /* cell */,
				F41239E0244569AA00BD8E89 /* ScheduleViewController.swift */,
				F41239E2244569BA00BD8E89 /* ScheduleViewModel.swift */,
			);
			path = scheduler;
			sourceTree = "<group>";
		};
		F41239E42445720900BD8E89 /* componentView */ = {
			isa = PBXGroup;
			children = (
				F41239E52445721500BD8E89 /* WeekDayBar */,
			);
			path = componentView;
			sourceTree = "<group>";
		};
		F41239E52445721500BD8E89 /* WeekDayBar */ = {
			isa = PBXGroup;
			children = (
				F41239E62445736200BD8E89 /* WeekDayBarView.swift */,
				F41239EA244574A000BD8E89 /* WeekDayBarView.xib */,
			);
			path = WeekDayBar;
			sourceTree = "<group>";
		};
		F41239EE2445758A00BD8E89 /* Label */ = {
			isa = PBXGroup;
			children = (
				F41239EC2445757100BD8E89 /* SimpleLabel.swift */,
			);
			path = Label;
			sourceTree = "<group>";
		};
		F4374D172442BFCC005A2505 /* view */ = {
			isa = PBXGroup;
			children = (
				F44F1BEB2447141100778F66 /* View */,
				F41239EE2445758A00BD8E89 /* Label */,
				F41239E42445720900BD8E89 /* componentView */,
				F4374D2A2442C46F005A2505 /* viewController */,
				F4374D232442C225005A2505 /* viewmodel */,
				F4374D1D2442C0C4005A2505 /* collectionView */,
				F4374D182442BFD9005A2505 /* tableView */,
				F4374D2F2442C651005A2505 /* Mapper.swift */,
			);
			path = view;
			sourceTree = "<group>";
		};
		F4374D182442BFD9005A2505 /* tableView */ = {
			isa = PBXGroup;
			children = (
				F4374D192442C079005A2505 /* TableCell.swift */,
			);
			path = tableView;
			sourceTree = "<group>";
		};
		F4374D1D2442C0C4005A2505 /* collectionView */ = {
			isa = PBXGroup;
			children = (
				F4374D1B2442C0C0005A2505 /* CollectionCell.swift */,
			);
			path = collectionView;
			sourceTree = "<group>";
		};
		F4374D1E2442C105005A2505 /* cell */ = {
			isa = PBXGroup;
			children = (
				F4374D1F2442C174005A2505 /* CalendarCell.swift */,
				F4374D202442C174005A2505 /* CalendarCell.xib */,
				F4374D392442D7B6005A2505 /* CalendarHeaderCell.swift */,
				F4374D3A2442D7B6005A2505 /* CalendarHeaderCell.xib */,
			);
			path = cell;
			sourceTree = "<group>";
		};
		F4374D232442C225005A2505 /* viewmodel */ = {
			isa = PBXGroup;
			children = (
				F4374D242442C237005A2505 /* ViewModel.swift */,
				F4374D262442C25A005A2505 /* MainViewModel.swift */,
				F4374D2D2442C4D6005A2505 /* ViewModelContract.swift */,
				F4374D362442CE95005A2505 /* ViewModelOutPut.swift */,
			);
			path = viewmodel;
			sourceTree = "<group>";
		};
		F4374D2A2442C46F005A2505 /* viewController */ = {
			isa = PBXGroup;
			children = (
				F4374D2B2442C482005A2505 /* protocol.swift */,
			);
			path = viewController;
			sourceTree = "<group>";
		};
		F4374D312442C6A1005A2505 /* model */ = {
			isa = PBXGroup;
			children = (
				F4374D322442C6B2005A2505 /* DateEntity.swift */,
				F4374D3D2442D835005A2505 /* WeekDayEntity.swift */,
				F499366424458AF400E3C64C /* DailyHourModel.swift */,
			);
			path = model;
			sourceTree = "<group>";
		};
		F4374D352442CB2B005A2505 /* extension */ = {
			isa = PBXGroup;
			children = (
				F4374D342442CB27005A2505 /* ExDate.swift */,
			);
			path = extension;
			sourceTree = "<group>";
		};
		F4374D3F24442122005A2505 /* group-calendar */ = {
			isa = PBXGroup;
			children = (
				F4374D402444214C005A2505 /* GroupCalendarViewController.swift */,
				F4374D42244421C3005A2505 /* GroupCalendarViewModel.swift */,
				F44F1BF224472C0900778F66 /* GroupCalendarDelegate.swift */,
			);
			path = "group-calendar";
			sourceTree = "<group>";
		};
		F44F1BEB2447141100778F66 /* View */ = {
			isa = PBXGroup;
			children = (
				F44F1BE9244713FA00778F66 /* CustomView.swift */,
			);
			path = View;
			sourceTree = "<group>";
		};
		F44F1BF424472DC900778F66 /* home */ = {
			isa = PBXGroup;
			children = (
				F44F1BF524472DE400778F66 /* HomeViewController.swift */,
			);
			path = home;
			sourceTree = "<group>";
		};
		F4947000244169F900FA2084 = {
			isa = PBXGroup;
			children = (
				F494700B244169F900FA2084 /* DatePickerModule */,
				F4947022244169FC00FA2084 /* DatePickerModuleTests */,
				F494700A244169F900FA2084 /* Products */,
			);
			sourceTree = "<group>";
		};
		F494700A244169F900FA2084 /* Products */ = {
			isa = PBXGroup;
			children = (
				F4947009244169F900FA2084 /* DatePickerModule.app */,
				F494701F244169FC00FA2084 /* DatePickerModuleTests.xctest */,
			);
			name = Products;
			sourceTree = "<group>";
		};
		F494700B244169F900FA2084 /* DatePickerModule */ = {
			isa = PBXGroup;
			children = (
				F4374D312442C6A1005A2505 /* model */,
				F4374D172442BFCC005A2505 /* view */,
				F40FE42E2442BDDB009768A8 /* scene */,
				F40FE42C2442BC72009768A8 /* utility */,
				F494702E24416A0800FA2084 /* date */,
				F494700C244169F900FA2084 /* AppDelegate.swift */,
				F494700E244169F900FA2084 /* SceneDelegate.swift */,
				F4947015244169FC00FA2084 /* Assets.xcassets */,
				F4947017244169FC00FA2084 /* LaunchScreen.storyboard */,
				F494701A244169FC00FA2084 /* Info.plist */,
			);
			path = DatePickerModule;
			sourceTree = "<group>";
		};
		F4947022244169FC00FA2084 /* DatePickerModuleTests */ = {
			isa = PBXGroup;
			children = (
				F4947023244169FC00FA2084 /* DatePickerModuleTests.swift */,
				F4947025244169FC00FA2084 /* Info.plist */,
			);
			path = DatePickerModuleTests;
			sourceTree = "<group>";
		};
		F494702E24416A0800FA2084 /* date */ = {
			isa = PBXGroup;
			children = (
				F494702F24416A5100FA2084 /* AADateProtocol.swift */,
				F494703124417F6700FA2084 /* AADateImp.swift */,
			);
			path = date;
			sourceTree = "<group>";
		};
		F499365B24457D3200E3C64C /* cell */ = {
			isa = PBXGroup;
			children = (
				F499366024457E4E00E3C64C /* ScheduleWeekDayCell.swift */,
				F499366124457E4E00E3C64C /* ScheduleWeekDayCell.xib */,
				F499366624458C5900E3C64C /* ScheduleDailyHourCell.swift */,
				F499366724458C5900E3C64C /* ScheduleDailyHourCell.xib */,
				F499366A2445924600E3C64C /* ScheduleHourCell.swift */,
				F499366B2445924600E3C64C /* ScheduleHourCell.xib */,
				F44F1BF724484FF900778F66 /* ScheduleWeekCell.swift */,
				F44F1BF9244858BF00778F66 /* ScheduleCollectionDataSource.swift */,
			);
			path = cell;
			sourceTree = "<group>";
		};
/* End PBXGroup section */

/* Begin PBXNativeTarget section */
		F4947008244169F900FA2084 /* DatePickerModule */ = {
			isa = PBXNativeTarget;
			buildConfigurationList = F4947028244169FC00FA2084 /* Build configuration list for PBXNativeTarget "DatePickerModule" */;
			buildPhases = (
				F4947005244169F900FA2084 /* Sources */,
				F4947006244169F900FA2084 /* Frameworks */,
				F4947007244169F900FA2084 /* Resources */,
			);
			buildRules = (
			);
			dependencies = (
			);
			name = DatePickerModule;
			productName = DatePickerModule;
			productReference = F4947009244169F900FA2084 /* DatePickerModule.app */;
			productType = "com.apple.product-type.application";
		};
		F494701E244169FC00FA2084 /* DatePickerModuleTests */ = {
			isa = PBXNativeTarget;
			buildConfigurationList = F494702B244169FC00FA2084 /* Build configuration list for PBXNativeTarget "DatePickerModuleTests" */;
			buildPhases = (
				F494701B244169FC00FA2084 /* Sources */,
				F494701C244169FC00FA2084 /* Frameworks */,
				F494701D244169FC00FA2084 /* Resources */,
			);
			buildRules = (
			);
			dependencies = (
				F4947021244169FC00FA2084 /* PBXTargetDependency */,
			);
			name = DatePickerModuleTests;
			productName = DatePickerModuleTests;
			productReference = F494701F244169FC00FA2084 /* DatePickerModuleTests.xctest */;
			productType = "com.apple.product-type.bundle.unit-test";
		};
/* End PBXNativeTarget section */

/* Begin PBXProject section */
		F4947001244169F900FA2084 /* Project object */ = {
			isa = PBXProject;
			attributes = {
				LastSwiftUpdateCheck = 1130;
				LastUpgradeCheck = 1130;
				ORGANIZATIONNAME = "Clean-Coder";
				TargetAttributes = {
					F4947008244169F900FA2084 = {
						CreatedOnToolsVersion = 11.3.1;
					};
					F494701E244169FC00FA2084 = {
						CreatedOnToolsVersion = 11.3.1;
						TestTargetID = F4947008244169F900FA2084;
					};
				};
			};
			buildConfigurationList = F4947004244169F900FA2084 /* Build configuration list for PBXProject "DatePickerModule" */;
			compatibilityVersion = "Xcode 9.3";
			developmentRegion = en;
			hasScannedForEncodings = 0;
			knownRegions = (
				en,
				Base,
			);
			mainGroup = F4947000244169F900FA2084;
			productRefGroup = F494700A244169F900FA2084 /* Products */;
			projectDirPath = "";
			projectRoot = "";
			targets = (
				F4947008244169F900FA2084 /* DatePickerModule */,
				F494701E244169FC00FA2084 /* DatePickerModuleTests */,
			);
		};
/* End PBXProject section */

/* Begin PBXResourcesBuildPhase section */
		F4947007244169F900FA2084 /* Resources */ = {
			isa = PBXResourcesBuildPhase;
			buildActionMask = 2147483647;
			files = (
				F499366924458C5900E3C64C /* ScheduleDailyHourCell.xib in Resources */,
				F4947019244169FC00FA2084 /* LaunchScreen.storyboard in Resources */,
				F4947016244169FC00FA2084 /* Assets.xcassets in Resources */,
				F4374D3C2442D7B6005A2505 /* CalendarHeaderCell.xib in Resources */,
				F499366D2445924600E3C64C /* ScheduleHourCell.xib in Resources */,
				F4947014244169FA00FA2084 /* Main.storyboard in Resources */,
				F4374D222442C174005A2505 /* CalendarCell.xib in Resources */,
				F499366324457E4E00E3C64C /* ScheduleWeekDayCell.xib in Resources */,
				F41239EB244574A000BD8E89 /* WeekDayBarView.xib in Resources */,
			);
			runOnlyForDeploymentPostprocessing = 0;
		};
		F494701D244169FC00FA2084 /* Resources */ = {
			isa = PBXResourcesBuildPhase;
			buildActionMask = 2147483647;
			files = (
			);
			runOnlyForDeploymentPostprocessing = 0;
		};
/* End PBXResourcesBuildPhase section */

/* Begin PBXSourcesBuildPhase section */
		F4947005244169F900FA2084 /* Sources */ = {
			isa = PBXSourcesBuildPhase;
			buildActionMask = 2147483647;
			files = (
				F499366C2445924600E3C64C /* ScheduleHourCell.swift in Sources */,
				F4374D382442D6F1005A2505 /* ExDate.swift in Sources */,
				F41239E72445736200BD8E89 /* WeekDayBarView.swift in Sources */,
				F40FE42A2442BC70009768A8 /* ExTableView.swift in Sources */,
				F44F1BF824484FF900778F66 /* ScheduleWeekCell.swift in Sources */,
				F4947011244169F900FA2084 /* ViewController.swift in Sources */,
				F4374D2E2442C4D6005A2505 /* ViewModelContract.swift in Sources */,
				F44F1BEA244713FA00778F66 /* CustomView.swift in Sources */,
				F40FE4292442BC70009768A8 /* ExCollectionView.swift in Sources */,
				F42D6A512448812A000CDB3B /* CalenderViewTheme.swift in Sources */,
				F4374D3E2442D835005A2505 /* WeekDayEntity.swift in Sources */,
				F499366824458C5900E3C64C /* ScheduleDailyHourCell.swift in Sources */,
				F40FE4322442BE3A009768A8 /* NibLoadable.swift in Sources */,
				F40FE42B2442BC70009768A8 /* ReusableView.swift in Sources */,
				F44F1BEF2447144B00778F66 /* Shadowable.swift in Sources */,
				F41239E3244569BA00BD8E89 /* ScheduleViewModel.swift in Sources */,
				F44F1BEE2447144B00778F66 /* Dashable.swift in Sources */,
				F4374D372442CE95005A2505 /* ViewModelOutPut.swift in Sources */,
				F44F1BF324472C0900778F66 /* GroupCalendarDelegate.swift in Sources */,
				F4374D272442C25A005A2505 /* MainViewModel.swift in Sources */,
				F494703024416A5100FA2084 /* AADateProtocol.swift in Sources */,
				F4374D252442C237005A2505 /* ViewModel.swift in Sources */,
				F4374D2C2442C482005A2505 /* protocol.swift in Sources */,
				F4374D292442C406005A2505 /* CalendarViewModel.swift in Sources */,
				F494703224417F6700FA2084 /* AADateImp.swift in Sources */,
				F4374D3B2442D7B6005A2505 /* CalendarHeaderCell.swift in Sources */,
				F4374D1A2442C079005A2505 /* TableCell.swift in Sources */,
				F40FE4302442BE00009768A8 /* CalendarViewController.swift in Sources */,
				F4374D412444214C005A2505 /* GroupCalendarViewController.swift in Sources */,
				F41239E1244569AA00BD8E89 /* ScheduleViewController.swift in Sources */,
				F41239ED2445757100BD8E89 /* SimpleLabel.swift in Sources */,
				F4374D332442C6B2005A2505 /* DateEntity.swift in Sources */,
				F494700D244169F900FA2084 /* AppDelegate.swift in Sources */,
				F499366524458AF400E3C64C /* DailyHourModel.swift in Sources */,
				F494700F244169F900FA2084 /* SceneDelegate.swift in Sources */,
				F4374D212442C174005A2505 /* CalendarCell.swift in Sources */,
				F41239E9244573B100BD8E89 /* Connectable.swift in Sources */,
				F4374D1C2442C0C0005A2505 /* CollectionCell.swift in Sources */,
				F44F1BF624472DE400778F66 /* HomeViewController.swift in Sources */,
				F4374D43244421C3005A2505 /* GroupCalendarViewModel.swift in Sources */,
				F4374D302442C651005A2505 /* Mapper.swift in Sources */,
				F499366224457E4E00E3C64C /* ScheduleWeekDayCell.swift in Sources */,
				F44F1BFA244858BF00778F66 /* ScheduleCollectionDataSource.swift in Sources */,
				F4374D4524443724005A2505 /* CalendarViewProtocols.swift in Sources */,
			);
			runOnlyForDeploymentPostprocessing = 0;
		};
		F494701B244169FC00FA2084 /* Sources */ = {
			isa = PBXSourcesBuildPhase;
			buildActionMask = 2147483647;
			files = (
				F4947024244169FC00FA2084 /* DatePickerModuleTests.swift in Sources */,
			);
			runOnlyForDeploymentPostprocessing = 0;
		};
/* End PBXSourcesBuildPhase section */

/* Begin PBXTargetDependency section */
		F4947021244169FC00FA2084 /* PBXTargetDependency */ = {
			isa = PBXTargetDependency;
			target = F4947008244169F900FA2084 /* DatePickerModule */;
			targetProxy = F4947020244169FC00FA2084 /* PBXContainerItemProxy */;
		};
/* End PBXTargetDependency section */

/* Begin PBXVariantGroup section */
		F4947012244169FA00FA2084 /* Main.storyboard */ = {
			isa = PBXVariantGroup;
			children = (
				F4947013244169FA00FA2084 /* Base */,
			);
			name = Main.storyboard;
			sourceTree = "<group>";
		};
		F4947017244169FC00FA2084 /* LaunchScreen.storyboard */ = {
			isa = PBXVariantGroup;
			children = (
				F4947018244169FC00FA2084 /* Base */,
			);
			name = LaunchScreen.storyboard;
			sourceTree = "<group>";
		};
/* End PBXVariantGroup section */

/* Begin XCBuildConfiguration section */
		F4947026244169FC00FA2084 /* Debug */ = {
			isa = XCBuildConfiguration;
			buildSettings = {
				ALWAYS_SEARCH_USER_PATHS = NO;
				CLANG_ANALYZER_NONNULL = YES;
				CLANG_ANALYZER_NUMBER_OBJECT_CONVERSION = YES_AGGRESSIVE;
				CLANG_CXX_LANGUAGE_STANDARD = "gnu++14";
				CLANG_CXX_LIBRARY = "libc++";
				CLANG_ENABLE_MODULES = YES;
				CLANG_ENABLE_OBJC_ARC = YES;
				CLANG_ENABLE_OBJC_WEAK = YES;
				CLANG_WARN_BLOCK_CAPTURE_AUTORELEASING = YES;
				CLANG_WARN_BOOL_CONVERSION = YES;
				CLANG_WARN_COMMA = YES;
				CLANG_WARN_CONSTANT_CONVERSION = YES;
				CLANG_WARN_DEPRECATED_OBJC_IMPLEMENTATIONS = YES;
				CLANG_WARN_DIRECT_OBJC_ISA_USAGE = YES_ERROR;
				CLANG_WARN_DOCUMENTATION_COMMENTS = YES;
				CLANG_WARN_EMPTY_BODY = YES;
				CLANG_WARN_ENUM_CONVERSION = YES;
				CLANG_WARN_INFINITE_RECURSION = YES;
				CLANG_WARN_INT_CONVERSION = YES;
				CLANG_WARN_NON_LITERAL_NULL_CONVERSION = YES;
				CLANG_WARN_OBJC_IMPLICIT_RETAIN_SELF = YES;
				CLANG_WARN_OBJC_LITERAL_CONVERSION = YES;
				CLANG_WARN_OBJC_ROOT_CLASS = YES_ERROR;
				CLANG_WARN_RANGE_LOOP_ANALYSIS = YES;
				CLANG_WARN_STRICT_PROTOTYPES = YES;
				CLANG_WARN_SUSPICIOUS_MOVE = YES;
				CLANG_WARN_UNGUARDED_AVAILABILITY = YES_AGGRESSIVE;
				CLANG_WARN_UNREACHABLE_CODE = YES;
				CLANG_WARN__DUPLICATE_METHOD_MATCH = YES;
				COPY_PHASE_STRIP = NO;
				DEBUG_INFORMATION_FORMAT = dwarf;
				ENABLE_STRICT_OBJC_MSGSEND = YES;
				ENABLE_TESTABILITY = YES;
				GCC_C_LANGUAGE_STANDARD = gnu11;
				GCC_DYNAMIC_NO_PIC = NO;
				GCC_NO_COMMON_BLOCKS = YES;
				GCC_OPTIMIZATION_LEVEL = 0;
				GCC_PREPROCESSOR_DEFINITIONS = (
					"DEBUG=1",
					"$(inherited)",
				);
				GCC_WARN_64_TO_32_BIT_CONVERSION = YES;
				GCC_WARN_ABOUT_RETURN_TYPE = YES_ERROR;
				GCC_WARN_UNDECLARED_SELECTOR = YES;
				GCC_WARN_UNINITIALIZED_AUTOS = YES_AGGRESSIVE;
				GCC_WARN_UNUSED_FUNCTION = YES;
				GCC_WARN_UNUSED_VARIABLE = YES;
				IPHONEOS_DEPLOYMENT_TARGET = 13.2;
				MTL_ENABLE_DEBUG_INFO = INCLUDE_SOURCE;
				MTL_FAST_MATH = YES;
				ONLY_ACTIVE_ARCH = YES;
				SDKROOT = iphoneos;
				SWIFT_ACTIVE_COMPILATION_CONDITIONS = DEBUG;
				SWIFT_OPTIMIZATION_LEVEL = "-Onone";
			};
			name = Debug;
		};
		F4947027244169FC00FA2084 /* Release */ = {
			isa = XCBuildConfiguration;
			buildSettings = {
				ALWAYS_SEARCH_USER_PATHS = NO;
				CLANG_ANALYZER_NONNULL = YES;
				CLANG_ANALYZER_NUMBER_OBJECT_CONVERSION = YES_AGGRESSIVE;
				CLANG_CXX_LANGUAGE_STANDARD = "gnu++14";
				CLANG_CXX_LIBRARY = "libc++";
				CLANG_ENABLE_MODULES = YES;
				CLANG_ENABLE_OBJC_ARC = YES;
				CLANG_ENABLE_OBJC_WEAK = YES;
				CLANG_WARN_BLOCK_CAPTURE_AUTORELEASING = YES;
				CLANG_WARN_BOOL_CONVERSION = YES;
				CLANG_WARN_COMMA = YES;
				CLANG_WARN_CONSTANT_CONVERSION = YES;
				CLANG_WARN_DEPRECATED_OBJC_IMPLEMENTATIONS = YES;
				CLANG_WARN_DIRECT_OBJC_ISA_USAGE = YES_ERROR;
				CLANG_WARN_DOCUMENTATION_COMMENTS = YES;
				CLANG_WARN_EMPTY_BODY = YES;
				CLANG_WARN_ENUM_CONVERSION = YES;
				CLANG_WARN_INFINITE_RECURSION = YES;
				CLANG_WARN_INT_CONVERSION = YES;
				CLANG_WARN_NON_LITERAL_NULL_CONVERSION = YES;
				CLANG_WARN_OBJC_IMPLICIT_RETAIN_SELF = YES;
				CLANG_WARN_OBJC_LITERAL_CONVERSION = YES;
				CLANG_WARN_OBJC_ROOT_CLASS = YES_ERROR;
				CLANG_WARN_RANGE_LOOP_ANALYSIS = YES;
				CLANG_WARN_STRICT_PROTOTYPES = YES;
				CLANG_WARN_SUSPICIOUS_MOVE = YES;
				CLANG_WARN_UNGUARDED_AVAILABILITY = YES_AGGRESSIVE;
				CLANG_WARN_UNREACHABLE_CODE = YES;
				CLANG_WARN__DUPLICATE_METHOD_MATCH = YES;
				COPY_PHASE_STRIP = NO;
				DEBUG_INFORMATION_FORMAT = "dwarf-with-dsym";
				ENABLE_NS_ASSERTIONS = NO;
				ENABLE_STRICT_OBJC_MSGSEND = YES;
				GCC_C_LANGUAGE_STANDARD = gnu11;
				GCC_NO_COMMON_BLOCKS = YES;
				GCC_WARN_64_TO_32_BIT_CONVERSION = YES;
				GCC_WARN_ABOUT_RETURN_TYPE = YES_ERROR;
				GCC_WARN_UNDECLARED_SELECTOR = YES;
				GCC_WARN_UNINITIALIZED_AUTOS = YES_AGGRESSIVE;
				GCC_WARN_UNUSED_FUNCTION = YES;
				GCC_WARN_UNUSED_VARIABLE = YES;
				IPHONEOS_DEPLOYMENT_TARGET = 13.2;
				MTL_ENABLE_DEBUG_INFO = NO;
				MTL_FAST_MATH = YES;
				SDKROOT = iphoneos;
				SWIFT_COMPILATION_MODE = wholemodule;
				SWIFT_OPTIMIZATION_LEVEL = "-O";
				VALIDATE_PRODUCT = YES;
			};
			name = Release;
		};
		F4947029244169FC00FA2084 /* Debug */ = {
			isa = XCBuildConfiguration;
			buildSettings = {
				ASSETCATALOG_COMPILER_APPICON_NAME = AppIcon;
				CODE_SIGN_STYLE = Automatic;
				DEVELOPMENT_TEAM = M6U8CRPPSQ;
				INFOPLIST_FILE = DatePickerModule/Info.plist;
				LD_RUNPATH_SEARCH_PATHS = (
					"$(inherited)",
					"@executable_path/Frameworks",
				);
				PRODUCT_BUNDLE_IDENTIFIER = com.ardalani.amir.DatePickerModule;
				PRODUCT_NAME = "$(TARGET_NAME)";
				SWIFT_VERSION = 5.0;
				TARGETED_DEVICE_FAMILY = "1,2";
			};
			name = Debug;
		};
		F494702A244169FC00FA2084 /* Release */ = {
			isa = XCBuildConfiguration;
			buildSettings = {
				ASSETCATALOG_COMPILER_APPICON_NAME = AppIcon;
				CODE_SIGN_STYLE = Automatic;
				DEVELOPMENT_TEAM = M6U8CRPPSQ;
				INFOPLIST_FILE = DatePickerModule/Info.plist;
				LD_RUNPATH_SEARCH_PATHS = (
					"$(inherited)",
					"@executable_path/Frameworks",
				);
				PRODUCT_BUNDLE_IDENTIFIER = com.ardalani.amir.DatePickerModule;
				PRODUCT_NAME = "$(TARGET_NAME)";
				SWIFT_VERSION = 5.0;
				TARGETED_DEVICE_FAMILY = "1,2";
			};
			name = Release;
		};
		F494702C244169FC00FA2084 /* Debug */ = {
			isa = XCBuildConfiguration;
			buildSettings = {
				ALWAYS_EMBED_SWIFT_STANDARD_LIBRARIES = YES;
				BUNDLE_LOADER = "$(TEST_HOST)";
				CODE_SIGN_STYLE = Automatic;
				DEVELOPMENT_TEAM = M6U8CRPPSQ;
				INFOPLIST_FILE = DatePickerModuleTests/Info.plist;
				IPHONEOS_DEPLOYMENT_TARGET = 13.2;
				LD_RUNPATH_SEARCH_PATHS = (
					"$(inherited)",
					"@executable_path/Frameworks",
					"@loader_path/Frameworks",
				);
				PRODUCT_BUNDLE_IDENTIFIER = com.ardalani.amir.DatePickerModuleTests;
				PRODUCT_NAME = "$(TARGET_NAME)";
				SWIFT_VERSION = 5.0;
				TARGETED_DEVICE_FAMILY = "1,2";
				TEST_HOST = "$(BUILT_PRODUCTS_DIR)/DatePickerModule.app/DatePickerModule";
			};
			name = Debug;
		};
		F494702D244169FC00FA2084 /* Release */ = {
			isa = XCBuildConfiguration;
			buildSettings = {
				ALWAYS_EMBED_SWIFT_STANDARD_LIBRARIES = YES;
				BUNDLE_LOADER = "$(TEST_HOST)";
				CODE_SIGN_STYLE = Automatic;
				DEVELOPMENT_TEAM = M6U8CRPPSQ;
				INFOPLIST_FILE = DatePickerModuleTests/Info.plist;
				IPHONEOS_DEPLOYMENT_TARGET = 13.2;
				LD_RUNPATH_SEARCH_PATHS = (
					"$(inherited)",
					"@executable_path/Frameworks",
					"@loader_path/Frameworks",
				);
				PRODUCT_BUNDLE_IDENTIFIER = com.ardalani.amir.DatePickerModuleTests;
				PRODUCT_NAME = "$(TARGET_NAME)";
				SWIFT_VERSION = 5.0;
				TARGETED_DEVICE_FAMILY = "1,2";
				TEST_HOST = "$(BUILT_PRODUCTS_DIR)/DatePickerModule.app/DatePickerModule";
			};
			name = Release;
		};
/* End XCBuildConfiguration section */

/* Begin XCConfigurationList section */
		F4947004244169F900FA2084 /* Build configuration list for PBXProject "DatePickerModule" */ = {
			isa = XCConfigurationList;
			buildConfigurations = (
				F4947026244169FC00FA2084 /* Debug */,
				F4947027244169FC00FA2084 /* Release */,
			);
			defaultConfigurationIsVisible = 0;
			defaultConfigurationName = Release;
		};
		F4947028244169FC00FA2084 /* Build configuration list for PBXNativeTarget "DatePickerModule" */ = {
			isa = XCConfigurationList;
			buildConfigurations = (
				F4947029244169FC00FA2084 /* Debug */,
				F494702A244169FC00FA2084 /* Release */,
			);
			defaultConfigurationIsVisible = 0;
			defaultConfigurationName = Release;
		};
		F494702B244169FC00FA2084 /* Build configuration list for PBXNativeTarget "DatePickerModuleTests" */ = {
			isa = XCConfigurationList;
			buildConfigurations = (
				F494702C244169FC00FA2084 /* Debug */,
				F494702D244169FC00FA2084 /* Release */,
			);
			defaultConfigurationIsVisible = 0;
			defaultConfigurationName = Release;
		};
/* End XCConfigurationList section */
	};
	rootObject = F4947001244169F900FA2084 /* Project object */;
}
