// !$*UTF8*$!
{
	archiveVersion = 1;
	classes = {
	};
	objectVersion = 50;
	objects = {

/* Begin PBXBuildFile section */
		F494700D244169F900FA2084 /* AppDelegate.swift in Sources */ = {isa = PBXBuildFile; fileRef = F494700C244169F900FA2084 /* AppDelegate.swift */; };
		F494700F244169F900FA2084 /* SceneDelegate.swift in Sources */ = {isa = PBXBuildFile; fileRef = F494700E244169F900FA2084 /* SceneDelegate.swift */; };
		F4947011244169F900FA2084 /* ViewController.swift in Sources */ = {isa = PBXBuildFile; fileRef = F4947010244169F900FA2084 /* ViewController.swift */; };
		F4947014244169FA00FA2084 /* Main.storyboard in Resources */ = {isa = PBXBuildFile; fileRef = F4947012244169FA00FA2084 /* Main.storyboard */; };
		F4947016244169FC00FA2084 /* Assets.xcassets in Resources */ = {isa = PBXBuildFile; fileRef = F4947015244169FC00FA2084 /* Assets.xcassets */; };
		F4947019244169FC00FA2084 /* LaunchScreen.storyboard in Resources */ = {isa = PBXBuildFile; fileRef = F4947017244169FC00FA2084 /* LaunchScreen.storyboard */; };
		F4947024244169FC00FA2084 /* DatePickerModuleTests.swift in Sources */ = {isa = PBXBuildFile; fileRef = F4947023244169FC00FA2084 /* DatePickerModuleTests.swift */; };
/* End PBXBuildFile section */

/* Begin PBXContainerItemProxy section */
		F4947020244169FC00FA2084 /* PBXContainerItemProxy */ = {
			isa = PBXContainerItemProxy;
			containerPortal = F4947001244169F900FA2084 /* Project object */;
			proxyType = 1;
			remoteGlobalIDString = F4947008244169F900FA2084;
			remoteInfo = DatePickerModule;
		};
/* End PBXContainerItemProxy section */

/* Begin PBXFileReference section */
		F4947009244169F900FA2084 /* DatePickerModule.app */ = {isa = PBXFileReference; explicitFileType = wrapper.application; includeInIndex = 0; path = DatePickerModule.app; sourceTree = BUILT_PRODUCTS_DIR; };
		F494700C244169F900FA2084 /* AppDelegate.swift */ = {isa = PBXFileReference; lastKnownFileType = sourcecode.swift; path = AppDelegate.swift; sourceTree = "<group>"; };
		F494700E244169F900FA2084 /* SceneDelegate.swift */ = {isa = PBXFileReference; lastKnownFileType = sourcecode.swift; path = SceneDelegate.swift; sourceTree = "<group>"; };
		F4947010244169F900FA2084 /* ViewController.swift */ = {isa = PBXFileReference; lastKnownFileType = sourcecode.swift; path = ViewController.swift; sourceTree = "<group>"; };
		F4947013244169FA00FA2084 /* Base */ = {isa = PBXFileReference; lastKnownFileType = file.storyboard; name = Base; path = Base.lproj/Main.storyboard; sourceTree = "<group>"; };
		F4947015244169FC00FA2084 /* Assets.xcassets */ = {isa = PBXFileReference; lastKnownFileType = folder.assetcatalog; path = Assets.xcassets; sourceTree = "<group>"; };
		F4947018244169FC00FA2084 /* Base */ = {isa = PBXFileReference; lastKnownFileType = file.storyboard; name = Base; path = Base.lproj/LaunchScreen.storyboard; sourceTree = "<group>"; };
		F494701A244169FC00FA2084 /* Info.plist */ = {isa = PBXFileReference; lastKnownFileType = text.plist.xml; path = Info.plist; sourceTree = "<group>"; };
		F494701F244169FC00FA2084 /* DatePickerModuleTests.xctest */ = {isa = PBXFileReference; explicitFileType = wrapper.cfbundle; includeInIndex = 0; path = DatePickerModuleTests.xctest; sourceTree = BUILT_PRODUCTS_DIR; };
		F4947023244169FC00FA2084 /* DatePickerModuleTests.swift */ = {isa = PBXFileReference; lastKnownFileType = sourcecode.swift; path = DatePickerModuleTests.swift; sourceTree = "<group>"; };
		F4947025244169FC00FA2084 /* Info.plist */ = {isa = PBXFileReference; lastKnownFileType = text.plist.xml; path = Info.plist; sourceTree = "<group>"; };
/* End PBXFileReference section */

/* Begin PBXFrameworksBuildPhase section */
		F4947006244169F900FA2084 /* Frameworks */ = {
			isa = PBXFrameworksBuildPhase;
			buildActionMask = 2147483647;
			files = (
			);
			runOnlyForDeploymentPostprocessing = 0;
		};
		F494701C244169FC00FA2084 /* Frameworks */ = {
			isa = PBXFrameworksBuildPhase;
			buildActionMask = 2147483647;
			files = (
			);
			runOnlyForDeploymentPostprocessing = 0;
		};
/* End PBXFrameworksBuildPhase section */

/* Begin PBXGroup section */
		F4947000244169F900FA2084 = {
			isa = PBXGroup;
			children = (
				F494700B244169F900FA2084 /* DatePickerModule */,
				F4947022244169FC00FA2084 /* DatePickerModuleTests */,
				F494700A244169F900FA2084 /* Products */,
			);
			sourceTree = "<group>";
		};
		F494700A244169F900FA2084 /* Products */ = {
			isa = PBXGroup;
			children = (
				F4947009244169F900FA2084 /* DatePickerModule.app */,
				F494701F244169FC00FA2084 /* DatePickerModuleTests.xctest */,
			);
			name = Products;
			sourceTree = "<group>";
		};
		F494700B244169F900FA2084 /* DatePickerModule */ = {
			isa = PBXGroup;
			children = (
				F494700C244169F900FA2084 /* AppDelegate.swift */,
				F494700E244169F900FA2084 /* SceneDelegate.swift */,
				F4947010244169F900FA2084 /* ViewController.swift */,
				F4947012244169FA00FA2084 /* Main.storyboard */,
				F4947015244169FC00FA2084 /* Assets.xcassets */,
				F4947017244169FC00FA2084 /* LaunchScreen.storyboard */,
				F494701A244169FC00FA2084 /* Info.plist */,
			);
			path = DatePickerModule;
			sourceTree = "<group>";
		};
		F4947022244169FC00FA2084 /* DatePickerModuleTests */ = {
			isa = PBXGroup;
			children = (
				F4947023244169FC00FA2084 /* DatePickerModuleTests.swift */,
				F4947025244169FC00FA2084 /* Info.plist */,
			);
			path = DatePickerModuleTests;
			sourceTree = "<group>";
		};
/* End PBXGroup section */

/* Begin PBXNativeTarget section */
		F4947008244169F900FA2084 /* DatePickerModule */ = {
			isa = PBXNativeTarget;
			buildConfigurationList = F4947028244169FC00FA2084 /* Build configuration list for PBXNativeTarget "DatePickerModule" */;
			buildPhases = (
				F4947005244169F900FA2084 /* Sources */,
				F4947006244169F900FA2084 /* Frameworks */,
				F4947007244169F900FA2084 /* Resources */,
			);
			buildRules = (
			);
			dependencies = (
			);
			name = DatePickerModule;
			productName = DatePickerModule;
			productReference = F4947009244169F900FA2084 /* DatePickerModule.app */;
			productType = "com.apple.product-type.application";
		};
		F494701E244169FC00FA2084 /* DatePickerModuleTests */ = {
			isa = PBXNativeTarget;
			buildConfigurationList = F494702B244169FC00FA2084 /* Build configuration list for PBXNativeTarget "DatePickerModuleTests" */;
			buildPhases = (
				F494701B244169FC00FA2084 /* Sources */,
				F494701C244169FC00FA2084 /* Frameworks */,
				F494701D244169FC00FA2084 /* Resources */,
			);
			buildRules = (
			);
			dependencies = (
				F4947021244169FC00FA2084 /* PBXTargetDependency */,
			);
			name = DatePickerModuleTests;
			productName = DatePickerModuleTests;
			productReference = F494701F244169FC00FA2084 /* DatePickerModuleTests.xctest */;
			productType = "com.apple.product-type.bundle.unit-test";
		};
/* End PBXNativeTarget section */

/* Begin PBXProject section */
		F4947001244169F900FA2084 /* Project object */ = {
			isa = PBXProject;
			attributes = {
				LastSwiftUpdateCheck = 1130;
				LastUpgradeCheck = 1130;
				ORGANIZATIONNAME = "Clean-Coder";
				TargetAttributes = {
					F4947008244169F900FA2084 = {
						CreatedOnToolsVersion = 11.3.1;
					};
					F494701E244169FC00FA2084 = {
						CreatedOnToolsVersion = 11.3.1;
						TestTargetID = F4947008244169F900FA2084;
					};
				};
			};
			buildConfigurationList = F4947004244169F900FA2084 /* Build configuration list for PBXProject "DatePickerModule" */;
			compatibilityVersion = "Xcode 9.3";
			developmentRegion = en;
			hasScannedForEncodings = 0;
			knownRegions = (
				en,
				Base,
			);
			mainGroup = F4947000244169F900FA2084;
			productRefGroup = F494700A244169F900FA2084 /* Products */;
			projectDirPath = "";
			projectRoot = "";
			targets = (
				F4947008244169F900FA2084 /* DatePickerModule */,
				F494701E244169FC00FA2084 /* DatePickerModuleTests */,
			);
		};
/* End PBXProject section */

/* Begin PBXResourcesBuildPhase section */
		F4947007244169F900FA2084 /* Resources */ = {
			isa = PBXResourcesBuildPhase;
			buildActionMask = 2147483647;
			files = (
				F4947019244169FC00FA2084 /* LaunchScreen.storyboard in Resources */,
				F4947016244169FC00FA2084 /* Assets.xcassets in Resources */,
				F4947014244169FA00FA2084 /* Main.storyboard in Resources */,
			);
			runOnlyForDeploymentPostprocessing = 0;
		};
		F494701D244169FC00FA2084 /* Resources */ = {
			isa = PBXResourcesBuildPhase;
			buildActionMask = 2147483647;
			files = (
			);
			runOnlyForDeploymentPostprocessing = 0;
		};
/* End PBXResourcesBuildPhase section */

/* Begin PBXSourcesBuildPhase section */
		F4947005244169F900FA2084 /* Sources */ = {
			isa = PBXSourcesBuildPhase;
			buildActionMask = 2147483647;
			files = (
				F4947011244169F900FA2084 /* ViewController.swift in Sources */,
				F494700D244169F900FA2084 /* AppDelegate.swift in Sources */,
				F494700F244169F900FA2084 /* SceneDelegate.swift in Sources */,
			);
			runOnlyForDeploymentPostprocessing = 0;
		};
		F494701B244169FC00FA2084 /* Sources */ = {
			isa = PBXSourcesBuildPhase;
			buildActionMask = 2147483647;
			files = (
				F4947024244169FC00FA2084 /* DatePickerModuleTests.swift in Sources */,
			);
			runOnlyForDeploymentPostprocessing = 0;
		};
/* End PBXSourcesBuildPhase section */

/* Begin PBXTargetDependency section */
		F4947021244169FC00FA2084 /* PBXTargetDependency */ = {
			isa = PBXTargetDependency;
			target = F4947008244169F900FA2084 /* DatePickerModule */;
			targetProxy = F4947020244169FC00FA2084 /* PBXContainerItemProxy */;
		};
/* End PBXTargetDependency section */

/* Begin PBXVariantGroup section */
		F4947012244169FA00FA2084 /* Main.storyboard */ = {
			isa = PBXVariantGroup;
			children = (
				F4947013244169FA00FA2084 /* Base */,
			);
			name = Main.storyboard;
			sourceTree = "<group>";
		};
		F4947017244169FC00FA2084 /* LaunchScreen.storyboard */ = {
			isa = PBXVariantGroup;
			children = (
				F4947018244169FC00FA2084 /* Base */,
			);
			name = LaunchScreen.storyboard;
			sourceTree = "<group>";
		};
/* End PBXVariantGroup section */

/* Begin XCBuildConfiguration section */
		F4947026244169FC00FA2084 /* Debug */ = {
			isa = XCBuildConfiguration;
			buildSettings = {
				ALWAYS_SEARCH_USER_PATHS = NO;
				CLANG_ANALYZER_NONNULL = YES;
				CLANG_ANALYZER_NUMBER_OBJECT_CONVERSION = YES_AGGRESSIVE;
				CLANG_CXX_LANGUAGE_STANDARD = "gnu++14";
				CLANG_CXX_LIBRARY = "libc++";
				CLANG_ENABLE_MODULES = YES;
				CLANG_ENABLE_OBJC_ARC = YES;
				CLANG_ENABLE_OBJC_WEAK = YES;
				CLANG_WARN_BLOCK_CAPTURE_AUTORELEASING = YES;
				CLANG_WARN_BOOL_CONVERSION = YES;
				CLANG_WARN_COMMA = YES;
				CLANG_WARN_CONSTANT_CONVERSION = YES;
				CLANG_WARN_DEPRECATED_OBJC_IMPLEMENTATIONS = YES;
				CLANG_WARN_DIRECT_OBJC_ISA_USAGE = YES_ERROR;
				CLANG_WARN_DOCUMENTATION_COMMENTS = YES;
				CLANG_WARN_EMPTY_BODY = YES;
				CLANG_WARN_ENUM_CONVERSION = YES;
				CLANG_WARN_INFINITE_RECURSION = YES;
				CLANG_WARN_INT_CONVERSION = YES;
				CLANG_WARN_NON_LITERAL_NULL_CONVERSION = YES;
				CLANG_WARN_OBJC_IMPLICIT_RETAIN_SELF = YES;
				CLANG_WARN_OBJC_LITERAL_CONVERSION = YES;
				CLANG_WARN_OBJC_ROOT_CLASS = YES_ERROR;
				CLANG_WARN_RANGE_LOOP_ANALYSIS = YES;
				CLANG_WARN_STRICT_PROTOTYPES = YES;
				CLANG_WARN_SUSPICIOUS_MOVE = YES;
				CLANG_WARN_UNGUARDED_AVAILABILITY = YES_AGGRESSIVE;
				CLANG_WARN_UNREACHABLE_CODE = YES;
				CLANG_WARN__DUPLICATE_METHOD_MATCH = YES;
				COPY_PHASE_STRIP = NO;
				DEBUG_INFORMATION_FORMAT = dwarf;
				ENABLE_STRICT_OBJC_MSGSEND = YES;
				ENABLE_TESTABILITY = YES;
				GCC_C_LANGUAGE_STANDARD = gnu11;
				GCC_DYNAMIC_NO_PIC = NO;
				GCC_NO_COMMON_BLOCKS = YES;
				GCC_OPTIMIZATION_LEVEL = 0;
				GCC_PREPROCESSOR_DEFINITIONS = (
					"DEBUG=1",
					"$(inherited)",
				);
				GCC_WARN_64_TO_32_BIT_CONVERSION = YES;
				GCC_WARN_ABOUT_RETURN_TYPE = YES_ERROR;
				GCC_WARN_UNDECLARED_SELECTOR = YES;
				GCC_WARN_UNINITIALIZED_AUTOS = YES_AGGRESSIVE;
				GCC_WARN_UNUSED_FUNCTION = YES;
				GCC_WARN_UNUSED_VARIABLE = YES;
				IPHONEOS_DEPLOYMENT_TARGET = 13.2;
				MTL_ENABLE_DEBUG_INFO = INCLUDE_SOURCE;
				MTL_FAST_MATH = YES;
				ONLY_ACTIVE_ARCH = YES;
				SDKROOT = iphoneos;
				SWIFT_ACTIVE_COMPILATION_CONDITIONS = DEBUG;
				SWIFT_OPTIMIZATION_LEVEL = "-Onone";
			};
			name = Debug;
		};
		F4947027244169FC00FA2084 /* Release */ = {
			isa = XCBuildConfiguration;
			buildSettings = {
				ALWAYS_SEARCH_USER_PATHS = NO;
				CLANG_ANALYZER_NONNULL = YES;
				CLANG_ANALYZER_NUMBER_OBJECT_CONVERSION = YES_AGGRESSIVE;
				CLANG_CXX_LANGUAGE_STANDARD = "gnu++14";
				CLANG_CXX_LIBRARY = "libc++";
				CLANG_ENABLE_MODULES = YES;
				CLANG_ENABLE_OBJC_ARC = YES;
				CLANG_ENABLE_OBJC_WEAK = YES;
				CLANG_WARN_BLOCK_CAPTURE_AUTORELEASING = YES;
				CLANG_WARN_BOOL_CONVERSION = YES;
				CLANG_WARN_COMMA = YES;
				CLANG_WARN_CONSTANT_CONVERSION = YES;
				CLANG_WARN_DEPRECATED_OBJC_IMPLEMENTATIONS = YES;
				CLANG_WARN_DIRECT_OBJC_ISA_USAGE = YES_ERROR;
				CLANG_WARN_DOCUMENTATION_COMMENTS = YES;
				CLANG_WARN_EMPTY_BODY = YES;
				CLANG_WARN_ENUM_CONVERSION = YES;
				CLANG_WARN_INFINITE_RECURSION = YES;
				CLANG_WARN_INT_CONVERSION = YES;
				CLANG_WARN_NON_LITERAL_NULL_CONVERSION = YES;
				CLANG_WARN_OBJC_IMPLICIT_RETAIN_SELF = YES;
				CLANG_WARN_OBJC_LITERAL_CONVERSION = YES;
				CLANG_WARN_OBJC_ROOT_CLASS = YES_ERROR;
				CLANG_WARN_RANGE_LOOP_ANALYSIS = YES;
				CLANG_WARN_STRICT_PROTOTYPES = YES;
				CLANG_WARN_SUSPICIOUS_MOVE = YES;
				CLANG_WARN_UNGUARDED_AVAILABILITY = YES_AGGRESSIVE;
				CLANG_WARN_UNREACHABLE_CODE = YES;
				CLANG_WARN__DUPLICATE_METHOD_MATCH = YES;
				COPY_PHASE_STRIP = NO;
				DEBUG_INFORMATION_FORMAT = "dwarf-with-dsym";
				ENABLE_NS_ASSERTIONS = NO;
				ENABLE_STRICT_OBJC_MSGSEND = YES;
				GCC_C_LANGUAGE_STANDARD = gnu11;
				GCC_NO_COMMON_BLOCKS = YES;
				GCC_WARN_64_TO_32_BIT_CONVERSION = YES;
				GCC_WARN_ABOUT_RETURN_TYPE = YES_ERROR;
				GCC_WARN_UNDECLARED_SELECTOR = YES;
				GCC_WARN_UNINITIALIZED_AUTOS = YES_AGGRESSIVE;
				GCC_WARN_UNUSED_FUNCTION = YES;
				GCC_WARN_UNUSED_VARIABLE = YES;
				IPHONEOS_DEPLOYMENT_TARGET = 13.2;
				MTL_ENABLE_DEBUG_INFO = NO;
				MTL_FAST_MATH = YES;
				SDKROOT = iphoneos;
				SWIFT_COMPILATION_MODE = wholemodule;
				SWIFT_OPTIMIZATION_LEVEL = "-O";
				VALIDATE_PRODUCT = YES;
			};
			name = Release;
		};
		F4947029244169FC00FA2084 /* Debug */ = {
			isa = XCBuildConfiguration;
			buildSettings = {
				ASSETCATALOG_COMPILER_APPICON_NAME = AppIcon;
				CODE_SIGN_STYLE = Automatic;
				DEVELOPMENT_TEAM = M6U8CRPPSQ;
				INFOPLIST_FILE = DatePickerModule/Info.plist;
				LD_RUNPATH_SEARCH_PATHS = (
					"$(inherited)",
					"@executable_path/Frameworks",
				);
				PRODUCT_BUNDLE_IDENTIFIER = com.ardalani.amir.DatePickerModule;
				PRODUCT_NAME = "$(TARGET_NAME)";
				SWIFT_VERSION = 5.0;
				TARGETED_DEVICE_FAMILY = "1,2";
			};
			name = Debug;
		};
		F494702A244169FC00FA2084 /* Release */ = {
			isa = XCBuildConfiguration;
			buildSettings = {
				ASSETCATALOG_COMPILER_APPICON_NAME = AppIcon;
				CODE_SIGN_STYLE = Automatic;
				DEVELOPMENT_TEAM = M6U8CRPPSQ;
				INFOPLIST_FILE = DatePickerModule/Info.plist;
				LD_RUNPATH_SEARCH_PATHS = (
					"$(inherited)",
					"@executable_path/Frameworks",
				);
				PRODUCT_BUNDLE_IDENTIFIER = com.ardalani.amir.DatePickerModule;
				PRODUCT_NAME = "$(TARGET_NAME)";
				SWIFT_VERSION = 5.0;
				TARGETED_DEVICE_FAMILY = "1,2";
			};
			name = Release;
		};
		F494702C244169FC00FA2084 /* Debug */ = {
			isa = XCBuildConfiguration;
			buildSettings = {
				ALWAYS_EMBED_SWIFT_STANDARD_LIBRARIES = YES;
				BUNDLE_LOADER = "$(TEST_HOST)";
				CODE_SIGN_STYLE = Automatic;
				DEVELOPMENT_TEAM = M6U8CRPPSQ;
				INFOPLIST_FILE = DatePickerModuleTests/Info.plist;
				IPHONEOS_DEPLOYMENT_TARGET = 13.2;
				LD_RUNPATH_SEARCH_PATHS = (
					"$(inherited)",
					"@executable_path/Frameworks",
					"@loader_path/Frameworks",
				);
				PRODUCT_BUNDLE_IDENTIFIER = com.ardalani.amir.DatePickerModuleTests;
				PRODUCT_NAME = "$(TARGET_NAME)";
				SWIFT_VERSION = 5.0;
				TARGETED_DEVICE_FAMILY = "1,2";
				TEST_HOST = "$(BUILT_PRODUCTS_DIR)/DatePickerModule.app/DatePickerModule";
			};
			name = Debug;
		};
		F494702D244169FC00FA2084 /* Release */ = {
			isa = XCBuildConfiguration;
			buildSettings = {
				ALWAYS_EMBED_SWIFT_STANDARD_LIBRARIES = YES;
				BUNDLE_LOADER = "$(TEST_HOST)";
				CODE_SIGN_STYLE = Automatic;
				DEVELOPMENT_TEAM = M6U8CRPPSQ;
				INFOPLIST_FILE = DatePickerModuleTests/Info.plist;
				IPHONEOS_DEPLOYMENT_TARGET = 13.2;
				LD_RUNPATH_SEARCH_PATHS = (
					"$(inherited)",
					"@executable_path/Frameworks",
					"@loader_path/Frameworks",
				);
				PRODUCT_BUNDLE_IDENTIFIER = com.ardalani.amir.DatePickerModuleTests;
				PRODUCT_NAME = "$(TARGET_NAME)";
				SWIFT_VERSION = 5.0;
				TARGETED_DEVICE_FAMILY = "1,2";
				TEST_HOST = "$(BUILT_PRODUCTS_DIR)/DatePickerModule.app/DatePickerModule";
			};
			name = Release;
		};
/* End XCBuildConfiguration section */

/* Begin XCConfigurationList section */
		F4947004244169F900FA2084 /* Build configuration list for PBXProject "DatePickerModule" */ = {
			isa = XCConfigurationList;
			buildConfigurations = (
				F4947026244169FC00FA2084 /* Debug */,
				F4947027244169FC00FA2084 /* Release */,
			);
			defaultConfigurationIsVisible = 0;
			defaultConfigurationName = Release;
		};
		F4947028244169FC00FA2084 /* Build configuration list for PBXNativeTarget "DatePickerModule" */ = {
			isa = XCConfigurationList;
			buildConfigurations = (
				F4947029244169FC00FA2084 /* Debug */,
				F494702A244169FC00FA2084 /* Release */,
			);
			defaultConfigurationIsVisible = 0;
			defaultConfigurationName = Release;
		};
		F494702B244169FC00FA2084 /* Build configuration list for PBXNativeTarget "DatePickerModuleTests" */ = {
			isa = XCConfigurationList;
			buildConfigurations = (
				F494702C244169FC00FA2084 /* Debug */,
				F494702D244169FC00FA2084 /* Release */,
			);
			defaultConfigurationIsVisible = 0;
			defaultConfigurationName = Release;
		};
/* End XCConfigurationList section */
	};
	rootObject = F4947001244169F900FA2084 /* Project object */;
}
